lockfileVersion: '6.0'

settings:
  autoInstallPeers: true
  excludeLinksFromLockfile: false

dependencies:
  '@bufbuild/protobuf':
    specifier: ^1.4.1
    version: 1.4.1

packages:

  /@bufbuild/protobuf@1.4.1:
    resolution: {integrity: sha512-4dthhwBGD9nlpY35ic8dMQC5R0dsND2b2xyeVO3qf+hBk8m7Y9dUs+SmMh6rqO2pGLUTKHefGXLDW+z19hBPdQ==}
    dev: false
