lockfileVersion: '6.0'

settings:
  autoInstallPeers: true
  excludeLinksFromLockfile: false

dependencies:
  '@bufbuild/protobuf':
    specifier: ^1.5.1
    version: 1.5.1

packages:

  /@bufbuild/protobuf@1.5.1:
    resolution: {integrity: sha512-LX+MeB1AzlbqgJXkq83lilQpLGnPvsAMj7SH8KtJAmQfBc55ee78Stxuff/HMw0xLMYJN3P1FBh5TENgjJof1w==}
    dev: false
