lockfileVersion: '6.0'

settings:
  autoInstallPeers: true
  excludeLinksFromLockfile: false

dependencies:
  '@bufbuild/protobuf':
    specifier: ^1.5.0
    version: 1.5.0

packages:

  /@bufbuild/protobuf@1.5.0:
    resolution: {integrity: sha512-0Jg+B7Vl8YGCi7c3iZ8/38iTbZrwdU7or6QZlsA9lhSrhumaXOTMsGO8gqwDuus/THEkTiY3Uxn+PEJwgsLt0w==}
    dev: false
